{
  "name": "tarogo-ai-example",
  "version": "1.0.0",
  "lockfileVersion": 3,
  "requires": true,
  "packages": {
    "": {
      "name": "tarogo-ai-example",
      "version": "1.0.0",
      "dependencies": {
        "tarogo-ai": "^1.3.1"
      }
    },
    "node_modules/tarogo-ai": {
      "version": "1.3.1",
      "resolved": "https://registry.npmjs.org/tarogo-ai/-/tarogo-ai-1.3.1.tgz",
      "integrity": "sha512-AD/KlxHU855mJMYjqPsxKO4hP6XxVPmXn3PSDSpjy2K3qR6n0mV5A5xREXcR0iW1fhykKL+0SAb07EI69QL5cA==",
      "license": "MIT",
      "engines": {
        "node": ">=18"
      }
    }
  }
}
