{
  "name": "tarogo-ai-example",
  "version": "1.0.0",
  "lockfileVersion": 3,
  "requires": true,
  "packages": {
    "": {
      "name": "tarogo-ai-example",
      "version": "1.0.0",
      "dependencies": {
        "tarogo-ai": "^1.1.0"
      }
    },
    "node_modules/tarogo-ai": {
      "version": "1.1.0",
      "resolved": "https://registry.npmjs.org/tarogo-ai/-/tarogo-ai-1.1.0.tgz",
      "integrity": "sha512-gQEHkmG614dbx2esNYMSeOEpKHAcXm3/JjCoGPt9EMuv0XIT9bd2xBTt0y4wQ3IDT36Y624pDlR++JV9E7mZAw==",
      "license": "MIT",
      "engines": {
        "node": ">=18"
      }
    }
  }
}
