{
  "name": "tarogo-ai-example",
  "version": "1.0.0",
  "lockfileVersion": 3,
  "requires": true,
  "packages": {
    "": {
      "name": "tarogo-ai-example",
      "version": "1.0.0",
      "dependencies": {
        "tarogo-ai": "^1.3.0"
      }
    },
    "node_modules/tarogo-ai": {
      "version": "1.3.0",
      "resolved": "https://registry.npmjs.org/tarogo-ai/-/tarogo-ai-1.3.0.tgz",
      "integrity": "sha512-NAVGDOwsH7CwVyVp6eOk6VNfCV2jRf6e9VDPEFt8Ml/9cgsWit80OfNzneTHaVxm4ULhmxBd+XyC3ISCo/HyCw==",
      "license": "MIT",
      "engines": {
        "node": ">=18"
      }
    }
  }
}
